github.com/voocel/agentcore v1.7.7 h1:0Zjqzp9MbnNh47Sxa2l9JD3FTPLPjyE6dArD88sQ5jI=
github.com/voocel/agentcore v1.7.7/go.mod h1:qMuVJkM6oBHACYtfCsf1irZdjR5lI77Lnnq6Nu4GWyg=
github.com/voocel/litellm v1.8.3 h1:wNYInBNfL+vCgpsJB9hVDHd3NVzbvcukxNPso9SIZaQ=
github.com/voocel/litellm v1.8.3/go.mod h1:6MBUu3I4DHm7h72Vl+3nqLruSwYmgqMf/I9BGoordJ4=
golang.org/x/image v0.43.0 h1:FLxcP4ec2350nTfOC8ysKtqYSIFbk/QGjw1ZHNP4tsY=
golang.org/x/image v0.43.0/go.mod h1:rrpelvGFt+kLPAjPM4HeWPgrl0FtafueU//e5N0qk/Q=
golang.org/x/text v0.38.0 h1:sXmwo9DwP3OK9EZ7PqAdaooSGozfl/3a6/xJcbzPRhE=
golang.org/x/text v0.38.0/go.mod h1:YXZt3QhHUKYT53r2lLKFIVi6Ao1jdzrTR/KQ09qyxF4=
